
Microsoft Visual Studio Solution File, Format Version 12.00
# Visual Studio Version 16
VisualStudioVersion = 16.0.28917.182
MinimumVisualStudioVersion = 10.0.40219.1
Project("{FAE04EC0-301F-11D3-BF4B-00C04F79EFBC}") = "OBS.Music", "OBS.Music\OBS.Music.csproj", "{1B4097F4-542F-4199-AFC2-4B44E19DBC19}"
EndProject
Project("{FAE04EC0-301F-11D3-BF4B-00C04F79EFBC}") = "OBS.Music.GUI", "OBS.Music.GUI\OBS.Music.GUI.csproj", "{961CD629-E447-45B8-959C-911DDD2D7C36}"
EndProject
Project("{FAE04EC0-301F-11D3-BF4B-00C04F79EFBC}") = "OBS.Music.Test", "OBS.Music.Test\OBS.Music.Test.csproj", "{31995F4B-B646-4D55-9009-78574FD2CE74}"
EndProject
Global
	GlobalSection(SolutionConfigurationPlatforms) = preSolution
		Debug|Any CPU = Debug|Any CPU
		Release|Any CPU = Release|Any CPU
	EndGlobalSection
	GlobalSection(ProjectConfigurationPlatforms) = postSolution
		{1B4097F4-542F-4199-AFC2-4B44E19DBC19}.Debug|Any CPU.ActiveCfg = Debug|Any CPU
		{1B4097F4-542F-4199-AFC2-4B44E19DBC19}.Debug|Any CPU.Build.0 = Debug|Any CPU
		{1B4097F4-542F-4199-AFC2-4B44E19DBC19}.Release|Any CPU.ActiveCfg = Release|Any CPU
		{1B4097F4-542F-4199-AFC2-4B44E19DBC19}.Release|Any CPU.Build.0 = Release|Any CPU
		{961CD629-E447-45B8-959C-911DDD2D7C36}.Debug|Any CPU.ActiveCfg = Debug|Any CPU
		{961CD629-E447-45B8-959C-911DDD2D7C36}.Debug|Any CPU.Build.0 = Debug|Any CPU
		{961CD629-E447-45B8-959C-911DDD2D7C36}.Release|Any CPU.ActiveCfg = Release|Any CPU
		{961CD629-E447-45B8-959C-911DDD2D7C36}.Release|Any CPU.Build.0 = Release|Any CPU
		{31995F4B-B646-4D55-9009-78574FD2CE74}.Debug|Any CPU.ActiveCfg = Debug|Any CPU
		{31995F4B-B646-4D55-9009-78574FD2CE74}.Debug|Any CPU.Build.0 = Debug|Any CPU
		{31995F4B-B646-4D55-9009-78574FD2CE74}.Release|Any CPU.ActiveCfg = Release|Any CPU
		{31995F4B-B646-4D55-9009-78574FD2CE74}.Release|Any CPU.Build.0 = Release|Any CPU
	EndGlobalSection
	GlobalSection(SolutionProperties) = preSolution
		HideSolutionNode = FALSE
	EndGlobalSection
	GlobalSection(ExtensibilityGlobals) = postSolution
		SolutionGuid = {3C3E7DFD-C2DF-4993-9DD3-9BE253331B6C}
	EndGlobalSection
EndGlobal
